
Microsoft Visual Studio Solution File, Format Version 12.00
# Visual Studio Version 16
VisualStudioVersion = 16.0.29424.173
MinimumVisualStudioVersion = 10.0.40219.1
Project("{FAE04EC0-301F-11D3-BF4B-00C04F79EFBC}") = "WebApplicationDemo", "WebApplicationDemo\WebApplicationDemo.csproj", "{503309E4-E930-4EA5-8BDF-EBA8FC249E42}"
EndProject
Global
	GlobalSection(SolutionConfigurationPlatforms) = preSolution
		Debug|Any CPU = Debug|Any CPU
		Release|Any CPU = Release|Any CPU
	EndGlobalSection
	GlobalSection(ProjectConfigurationPlatforms) = postSolution
		{503309E4-E930-4EA5-8BDF-EBA8FC249E42}.Debug|Any CPU.ActiveCfg = Debug|Any CPU
		{503309E4-E930-4EA5-8BDF-EBA8FC249E42}.Debug|Any CPU.Build.0 = Debug|Any CPU
		{503309E4-E930-4EA5-8BDF-EBA8FC249E42}.Release|Any CPU.ActiveCfg = Release|Any CPU
		{503309E4-E930-4EA5-8BDF-EBA8FC249E42}.Release|Any CPU.Build.0 = Release|Any CPU
	EndGlobalSection
	GlobalSection(SolutionProperties) = preSolution
		HideSolutionNode = FALSE
	EndGlobalSection
	GlobalSection(ExtensibilityGlobals) = postSolution
		SolutionGuid = {0B4A3E5D-6313-4B84-9DA1-1BA8E09A6855}
	EndGlobalSection
EndGlobal
