
Microsoft Visual Studio Solution File, Format Version 12.00
# Visual Studio Version 16
VisualStudioVersion = 16.0.29424.173
MinimumVisualStudioVersion = 10.0.40219.1
Project("{FAE04EC0-301F-11D3-BF4B-00C04F79EFBC}") = "MyServerCarBrandDemo", "MyServerCarBrandDemo\MyServerCarBrandDemo.csproj", "{7BFEF010-C70A-4A5A-A3AA-1CE07E15AE3E}"
EndProject
Global
	GlobalSection(SolutionConfigurationPlatforms) = preSolution
		Debug|Any CPU = Debug|Any CPU
		Release|Any CPU = Release|Any CPU
	EndGlobalSection
	GlobalSection(ProjectConfigurationPlatforms) = postSolution
		{7BFEF010-C70A-4A5A-A3AA-1CE07E15AE3E}.Debug|Any CPU.ActiveCfg = Debug|Any CPU
		{7BFEF010-C70A-4A5A-A3AA-1CE07E15AE3E}.Debug|Any CPU.Build.0 = Debug|Any CPU
		{7BFEF010-C70A-4A5A-A3AA-1CE07E15AE3E}.Release|Any CPU.ActiveCfg = Release|Any CPU
		{7BFEF010-C70A-4A5A-A3AA-1CE07E15AE3E}.Release|Any CPU.Build.0 = Release|Any CPU
	EndGlobalSection
	GlobalSection(SolutionProperties) = preSolution
		HideSolutionNode = FALSE
	EndGlobalSection
	GlobalSection(ExtensibilityGlobals) = postSolution
		SolutionGuid = {731DAB47-6645-48BB-A637-76DAF8726509}
	EndGlobalSection
EndGlobal
